
Microsoft Visual Studio Solution File, Format Version 12.00
# Visual Studio Version 16
VisualStudioVersion = 16.0.31112.23
MinimumVisualStudioVersion = 10.0.40219.1
Project("{9A19103F-16F7-4668-BE54-9A1E7A4F7556}") = "Netrunner.Server", "Server\Netrunner.Server.csproj", "{5D8891AA-6D6D-4123-B4B7-B80A8C307592}"
EndProject
Project("{9A19103F-16F7-4668-BE54-9A1E7A4F7556}") = "Netrunner.Client", "Client\Netrunner.Client.csproj", "{246051C1-BEAA-4BAE-B9A7-FE636F85293D}"
EndProject
Project("{9A19103F-16F7-4668-BE54-9A1E7A4F7556}") = "Netrunner.Shared", "Shared\Netrunner.Shared.csproj", "{098316BC-C705-4EAF-A4BD-19AC311DB14A}"
EndProject
Project("{E53339B2-1760-4266-BCC7-CA923CBCF16C}") = "docker-compose", "docker-compose.dcproj", "{2666EE4D-A7B5-4402-AE68-E7DEE9ED5142}"
EndProject
Project("{9A19103F-16F7-4668-BE54-9A1E7A4F7556}") = "Netrunner.Challenges", "Challenges\Netrunner.Challenges.csproj", "{780A921A-E076-43C5-BB84-82E7D9D17DD6}"
EndProject
Project("{9A19103F-16F7-4668-BE54-9A1E7A4F7556}") = "Netrunner.Auth", "Auth\Netrunner.Auth.csproj", "{82F1DD88-1D37-4516-A7FC-E9A20090E0FE}"
EndProject
Project("{9A19103F-16F7-4668-BE54-9A1E7A4F7556}") = "Netrunner.Shared.Internal", "Shared.Internal\Netrunner.Shared.Internal.csproj", "{50B85BED-2E6F-4CC1-86AE-7E3E32D6A844}"
EndProject
Project("{FAE04EC0-301F-11D3-BF4B-00C04F79EFBC}") = "Netrunner.Auth.Test", "Netrunner.Auth.Test\Netrunner.Auth.Test.csproj", "{9E9D5A3B-4992-42F3-85C1-3184B74E6B37}"
EndProject
Global
	GlobalSection(SolutionConfigurationPlatforms) = preSolution
		Debug|Any CPU = Debug|Any CPU
		Release|Any CPU = Release|Any CPU
	EndGlobalSection
	GlobalSection(ProjectConfigurationPlatforms) = postSolution
		{5D8891AA-6D6D-4123-B4B7-B80A8C307592}.Debug|Any CPU.ActiveCfg = Debug|Any CPU
		{5D8891AA-6D6D-4123-B4B7-B80A8C307592}.Debug|Any CPU.Build.0 = Debug|Any CPU
		{5D8891AA-6D6D-4123-B4B7-B80A8C307592}.Release|Any CPU.ActiveCfg = Release|Any CPU
		{5D8891AA-6D6D-4123-B4B7-B80A8C307592}.Release|Any CPU.Build.0 = Release|Any CPU
		{246051C1-BEAA-4BAE-B9A7-FE636F85293D}.Debug|Any CPU.ActiveCfg = Debug|Any CPU
		{246051C1-BEAA-4BAE-B9A7-FE636F85293D}.Debug|Any CPU.Build.0 = Debug|Any CPU
		{246051C1-BEAA-4BAE-B9A7-FE636F85293D}.Release|Any CPU.ActiveCfg = Release|Any CPU
		{246051C1-BEAA-4BAE-B9A7-FE636F85293D}.Release|Any CPU.Build.0 = Release|Any CPU
		{098316BC-C705-4EAF-A4BD-19AC311DB14A}.Debug|Any CPU.ActiveCfg = Debug|Any CPU
		{098316BC-C705-4EAF-A4BD-19AC311DB14A}.Debug|Any CPU.Build.0 = Debug|Any CPU
		{098316BC-C705-4EAF-A4BD-19AC311DB14A}.Release|Any CPU.ActiveCfg = Release|Any CPU
		{098316BC-C705-4EAF-A4BD-19AC311DB14A}.Release|Any CPU.Build.0 = Release|Any CPU
		{2666EE4D-A7B5-4402-AE68-E7DEE9ED5142}.Debug|Any CPU.ActiveCfg = Debug|Any CPU
		{2666EE4D-A7B5-4402-AE68-E7DEE9ED5142}.Debug|Any CPU.Build.0 = Debug|Any CPU
		{2666EE4D-A7B5-4402-AE68-E7DEE9ED5142}.Release|Any CPU.ActiveCfg = Release|Any CPU
		{2666EE4D-A7B5-4402-AE68-E7DEE9ED5142}.Release|Any CPU.Build.0 = Release|Any CPU
		{780A921A-E076-43C5-BB84-82E7D9D17DD6}.Debug|Any CPU.ActiveCfg = Debug|Any CPU
		{780A921A-E076-43C5-BB84-82E7D9D17DD6}.Debug|Any CPU.Build.0 = Debug|Any CPU
		{780A921A-E076-43C5-BB84-82E7D9D17DD6}.Release|Any CPU.ActiveCfg = Release|Any CPU
		{780A921A-E076-43C5-BB84-82E7D9D17DD6}.Release|Any CPU.Build.0 = Release|Any CPU
		{82F1DD88-1D37-4516-A7FC-E9A20090E0FE}.Debug|Any CPU.ActiveCfg = Debug|Any CPU
		{82F1DD88-1D37-4516-A7FC-E9A20090E0FE}.Debug|Any CPU.Build.0 = Debug|Any CPU
		{82F1DD88-1D37-4516-A7FC-E9A20090E0FE}.Release|Any CPU.ActiveCfg = Release|Any CPU
		{82F1DD88-1D37-4516-A7FC-E9A20090E0FE}.Release|Any CPU.Build.0 = Release|Any CPU
		{50B85BED-2E6F-4CC1-86AE-7E3E32D6A844}.Debug|Any CPU.ActiveCfg = Debug|Any CPU
		{50B85BED-2E6F-4CC1-86AE-7E3E32D6A844}.Debug|Any CPU.Build.0 = Debug|Any CPU
		{50B85BED-2E6F-4CC1-86AE-7E3E32D6A844}.Release|Any CPU.ActiveCfg = Release|Any CPU
		{50B85BED-2E6F-4CC1-86AE-7E3E32D6A844}.Release|Any CPU.Build.0 = Release|Any CPU
		{9E9D5A3B-4992-42F3-85C1-3184B74E6B37}.Debug|Any CPU.ActiveCfg = Debug|Any CPU
		{9E9D5A3B-4992-42F3-85C1-3184B74E6B37}.Debug|Any CPU.Build.0 = Debug|Any CPU
		{9E9D5A3B-4992-42F3-85C1-3184B74E6B37}.Release|Any CPU.ActiveCfg = Release|Any CPU
		{9E9D5A3B-4992-42F3-85C1-3184B74E6B37}.Release|Any CPU.Build.0 = Release|Any CPU
	EndGlobalSection
	GlobalSection(SolutionProperties) = preSolution
		HideSolutionNode = FALSE
	EndGlobalSection
	GlobalSection(ExtensibilityGlobals) = postSolution
		SolutionGuid = {373892C8-9339-4C55-AEEA-B6801235AF6D}
	EndGlobalSection
EndGlobal
